
Microsoft Visual Studio Solution File, Format Version 12.00
# Visual Studio Version 17
VisualStudioVersion = 17.5.33627.172
MinimumVisualStudioVersion = 10.0.40219.1
Project("{FAE04EC0-301F-11D3-BF4B-00C04F79EFBC}") = "Test", "Test\Test.csproj", "{6F4AF353-1779-4003-9349-DE4481E0915A}"
EndProject
Global
	GlobalSection(SolutionConfigurationPlatforms) = preSolution
		Debug|Any CPU = Debug|Any CPU
		Release|Any CPU = Release|Any CPU
	EndGlobalSection
	GlobalSection(ProjectConfigurationPlatforms) = postSolution
		{6F4AF353-1779-4003-9349-DE4481E0915A}.Debug|Any CPU.ActiveCfg = Debug|Any CPU
		{6F4AF353-1779-4003-9349-DE4481E0915A}.Debug|Any CPU.Build.0 = Debug|Any CPU
		{6F4AF353-1779-4003-9349-DE4481E0915A}.Release|Any CPU.ActiveCfg = Release|Any CPU
		{6F4AF353-1779-4003-9349-DE4481E0915A}.Release|Any CPU.Build.0 = Release|Any CPU
	EndGlobalSection
	GlobalSection(SolutionProperties) = preSolution
		HideSolutionNode = FALSE
	EndGlobalSection
	GlobalSection(ExtensibilityGlobals) = postSolution
		SolutionGuid = {26835354-D59C-4191-A439-679DFD859FA2}
	EndGlobalSection
EndGlobal
